
Microsoft Visual Studio Solution File, Format Version 12.00
# Visual Studio Version 16
VisualStudioVersion = 16.0.30517.126
MinimumVisualStudioVersion = 10.0.40219.1
Project("{8BC9CEB8-8B4A-11D0-8D11-00A0C91BC942}") = "rpg_game", "rpg_game\rpg_game.vcxproj", "{40736F75-098A-434F-B6E8-D04496660CCA}"
EndProject
Global
	GlobalSection(SolutionConfigurationPlatforms) = preSolution
		Debug|x64 = Debug|x64
		Debug|x86 = Debug|x86
		Release|x64 = Release|x64
		Release|x86 = Release|x86
	EndGlobalSection
	GlobalSection(ProjectConfigurationPlatforms) = postSolution
		{40736F75-098A-434F-B6E8-D04496660CCA}.Debug|x64.ActiveCfg = Debug|x64
		{40736F75-098A-434F-B6E8-D04496660CCA}.Debug|x64.Build.0 = Debug|x64
		{40736F75-098A-434F-B6E8-D04496660CCA}.Debug|x86.ActiveCfg = Debug|Win32
		{40736F75-098A-434F-B6E8-D04496660CCA}.Debug|x86.Build.0 = Debug|Win32
		{40736F75-098A-434F-B6E8-D04496660CCA}.Release|x64.ActiveCfg = Release|x64
		{40736F75-098A-434F-B6E8-D04496660CCA}.Release|x64.Build.0 = Release|x64
		{40736F75-098A-434F-B6E8-D04496660CCA}.Release|x86.ActiveCfg = Release|Win32
		{40736F75-098A-434F-B6E8-D04496660CCA}.Release|x86.Build.0 = Release|Win32
	EndGlobalSection
	GlobalSection(SolutionProperties) = preSolution
		HideSolutionNode = FALSE
	EndGlobalSection
	GlobalSection(ExtensibilityGlobals) = postSolution
		SolutionGuid = {9A0792F2-020D-4B18-88A7-E57A181EA103}
	EndGlobalSection
EndGlobal
